Microsoft Visual Studio Solution File, Format Version 12.00
# Visual Studio 2012
Project("{FAE04EC0-301F-11D3-BF4B-00C04F79EFBC}") = "Eden 4.4 with c sharp", "Eden 4.4 with c sharp.csproj", "{4BD439A3-F75E-45D4-B1F3-C69A23B2CA32}"
EndProject
Global
	GlobalSection(SolutionConfigurationPlatforms) = preSolution
	Debug|Any CPU = Debug|Any CPU
	ExportDebug|Any CPU = ExportDebug|Any CPU
	ExportRelease|Any CPU = ExportRelease|Any CPU
	EndGlobalSection
	GlobalSection(ProjectConfigurationPlatforms) = postSolution
		{4BD439A3-F75E-45D4-B1F3-C69A23B2CA32}.Debug|Any CPU.ActiveCfg = Debug|Any CPU
		{4BD439A3-F75E-45D4-B1F3-C69A23B2CA32}.Debug|Any CPU.Build.0 = Debug|Any CPU
		{4BD439A3-F75E-45D4-B1F3-C69A23B2CA32}.ExportDebug|Any CPU.ActiveCfg = ExportDebug|Any CPU
		{4BD439A3-F75E-45D4-B1F3-C69A23B2CA32}.ExportDebug|Any CPU.Build.0 = ExportDebug|Any CPU
		{4BD439A3-F75E-45D4-B1F3-C69A23B2CA32}.ExportRelease|Any CPU.ActiveCfg = ExportRelease|Any CPU
		{4BD439A3-F75E-45D4-B1F3-C69A23B2CA32}.ExportRelease|Any CPU.Build.0 = ExportRelease|Any CPU
	EndGlobalSection
EndGlobal
